{
  "requires": true,
  "lockfileVersion": 1,
  "dependencies": {
    "ng-lazyload-image": {
      "version": "4.0.0",
      "resolved": "https://registry.npmjs.org/ng-lazyload-image/-/ng-lazyload-image-4.0.0.tgz",
      "integrity": "sha512-D2d+kfVRoapP1arFnResQGcQgYs2zrMmQTY46kBeuCvXYOvnZFCTZDItW/ub7UDcaUgRtT1yQbeqy3mmqb+ssg=="
    },
    "ui-bootstrap4": {
      "version": "3.0.3",
      "resolved": "https://registry.npmjs.org/ui-bootstrap4/-/ui-bootstrap4-3.0.3.tgz",
      "integrity": "sha512-hSAlWZnF9+6NbZ2Ln45PnemBeh0KM/2WyLiFYaIZoCjNPqliVFjIywSyfWHxuDQntZZcXlCACp5xihijywFSAQ=="
    }
  }
}
